
Microsoft Visual Studio Solution File, Format Version 12.00
# Visual Studio 15
VisualStudioVersion = 15.0.27130.2027
MinimumVisualStudioVersion = 10.0.40219.1
Project("{FAE04EC0-301F-11D3-BF4B-00C04F79EFBC}") = "dispensatorService", "dispensatorService\dispensatorService.csproj", "{08DD6484-D4C9-412C-917A-27181A6CD511}"
EndProject
Global
	GlobalSection(SolutionConfigurationPlatforms) = preSolution
		Debug|Any CPU = Debug|Any CPU
		Release|Any CPU = Release|Any CPU
	EndGlobalSection
	GlobalSection(ProjectConfigurationPlatforms) = postSolution
		{08DD6484-D4C9-412C-917A-27181A6CD511}.Debug|Any CPU.ActiveCfg = Debug|Any CPU
		{08DD6484-D4C9-412C-917A-27181A6CD511}.Debug|Any CPU.Build.0 = Debug|Any CPU
		{08DD6484-D4C9-412C-917A-27181A6CD511}.Release|Any CPU.ActiveCfg = Release|Any CPU
		{08DD6484-D4C9-412C-917A-27181A6CD511}.Release|Any CPU.Build.0 = Release|Any CPU
	EndGlobalSection
	GlobalSection(SolutionProperties) = preSolution
		HideSolutionNode = FALSE
	EndGlobalSection
	GlobalSection(ExtensibilityGlobals) = postSolution
		SolutionGuid = {B4271777-19AE-439A-89F6-C4308EB97832}
	EndGlobalSection
EndGlobal
